<?xml version="1.0" encoding="utf-8"?>
<Project ToolsVersion="4.0" xmlns="http://schemas.microsoft.com/developer/msbuild/2003">
  <ItemGroup>
    <Filter Include="Source Files">
      <UniqueIdentifier>{4FC737F1-C7A5-4376-A066-2A32D752A2FF}</UniqueIdentifier>
      <Extensions>cpp;c;cc;cxx;c++;cppm;ixx;def;odl;idl;hpj;bat;asm;asmx</Extensions>
    </Filter>
    <Filter Include="Header Files">
      <UniqueIdentifier>{93995380-89BD-4b04-88EB-625FBE52EBFB}</UniqueIdentifier>
      <Extensions>h;hh;hpp;hxx;h++;hm;inl;inc;ipp;xsd</Extensions>
    </Filter>
    <Filter Include="Resource Files">
      <UniqueIdentifier>{67DA6AB6-F800-4c08-8B7A-83BB121AAD01}</UniqueIdentifier>
      <Extensions>rc;ico;cur;bmp;dlg;rc2;rct;bin;rgs;gif;jpg;jpeg;jpe;resx;tiff;tif;png;wav;mfcribbon-ms</Extensions>
    </Filter>
  </ItemGroup>
  <ItemGroup>
    <ClCompile Include="main.cpp">
      <Filter>Source Files</Filter>
    </ClCompile>
    <ClCompile Include="ReadStudentList.cpp">
      <Filter>Source Files</Filter>
    </ClCompile>
    <ClCompile Include="login.cpp">
      <Filter>Source Files</Filter>
    </ClCompile>
    <ClCompile Include="..\Menu.cpp">
      <Filter>Source Files</Filter>
    </ClCompile>
    <ClCompile Include="ViewCourses.cpp">
      <Filter>Source Files</Filter>
    </ClCompile>
    <ClCompile Include="CreateSchoolYear.cpp">
      <Filter>Source Files</Filter>
    </ClCompile>
    <ClCompile Include="ReadUserList.cpp">
      <Filter>Source Files</Filter>
    </ClCompile>
    <ClCompile Include="writeStudentListMain.cpp">
      <Filter>Source Files</Filter>
    </ClCompile>
    <ClCompile Include="delete.cpp">
      <Filter>Source Files</Filter>
    </ClCompile>
    <ClCompile Include="writeUserList.cpp">
      <Filter>Source Files</Filter>
    </ClCompile>
    <ClCompile Include="deleteAllAcc.cpp">
      <Filter>Source Files</Filter>
    </ClCompile>
    <ClCompile Include="viewMyCourse.cpp">
      <Filter>Source Files</Filter>
    </ClCompile>
    <ClCompile Include="updatemyInfo.cpp">
      <Filter>Source Files</Filter>
    </ClCompile>
    <ClCompile Include="CreateSemester.cpp">
      <Filter>Source Files</Filter>
    </ClCompile>
    <ClCompile Include="enrollCourse.cpp">
      <Filter>Source Files</Filter>
    </ClCompile>
    <ClCompile Include="ViewClasses.cpp">
      <Filter>Source Files</Filter>
    </ClCompile>
    <ClCompile Include="ReadCourseList.cpp">
      <Filter>Source Files</Filter>
    </ClCompile>
    <ClCompile Include="ReadSemesterList.cpp">
      <Filter>Source Files</Filter>
    </ClCompile>
    <ClCompile Include="WriteSemesterList.cpp">
      <Filter>Source Files</Filter>
    </ClCompile>
    <ClCompile Include="WriteCourseList.cpp">
      <Filter>Source Files</Filter>
    </ClCompile>
    <ClCompile Include="ReadCourseStudentList.cpp">
      <Filter>Source Files</Filter>
    </ClCompile>
    <ClCompile Include="WriteCourseStudentList.cpp">
      <Filter>Source Files</Filter>
    </ClCompile>
  </ItemGroup>
  <ItemGroup>
    <ClInclude Include="file.h">
      <Filter>Header Files</Filter>
    </ClInclude>
  </ItemGroup>
  <ItemGroup>
    <None Include="StudentListMain.csv">
      <Filter>Resource Files</Filter>
    </None>
    <None Include="21CLC02.csv">
      <Filter>Resource Files</Filter>
    </None>
    <None Include="UserList.csv">
      <Filter>Resource Files</Filter>
    </None>
    <None Include="StudentListMainDemo.csv">
      <Filter>Resource Files</Filter>
    </None>
    <None Include="22CLC01.csv">
      <Filter>Resource Files</Filter>
    </None>
    <None Include="22CLC02.csv">
      <Filter>Resource Files</Filter>
    </None>
    <None Include="22CLC03.csv">
      <Filter>Resource Files</Filter>
    </None>
    <None Include="23CLC01.csv">
      <Filter>Resource Files</Filter>
    </None>
    <None Include="23CLC02.csv">
      <Filter>Resource Files</Filter>
    </None>
    <None Include="23CLC03.csv">
      <Filter>Resource Files</Filter>
    </None>
    <None Include="24CLC01.csv">
      <Filter>Resource Files</Filter>
    </None>
    <None Include="24CLC02.csv">
      <Filter>Resource Files</Filter>
    </None>
    <None Include="24CLC03.csv">
      <Filter>Resource Files</Filter>
    </None>
    <None Include="UserListDemo.csv">
      <Filter>Resource Files</Filter>
    </None>
    <None Include="CourseList.csv">
      <Filter>Resource Files</Filter>
    </None>
    <None Include="SemesterList.csv">
      <Filter>Resource Files</Filter>
    </None>
    <None Include="SemesterListDemo.csv">
      <Filter>Resource Files</Filter>
    </None>
    <None Include="CourseListDemo.csv">
      <Filter>Resource Files</Filter>
    </None>
    <None Include="CourseStudentList.csv">
      <Filter>Resource Files</Filter>
    </None>
  </ItemGroup>
</Project>